{
  "name": "@crypto-me/monorepo",
  "version": "0.1.0",
  "lockfileVersion": 3,
  "requires": true,
  "packages": {
    "": {
      "name": "@crypto-me/monorepo",
      "version": "0.1.0",
      "workspaces": [
        "packages/*"
      ],
      "devDependencies": {
        "typescript": "^5.5.4"
      }
    },
    "node_modules/@crypto-me/core": {
      "resolved": "packages/core",
      "link": true
    },
    "node_modules/@crypto-me/keplr-signer": {
      "resolved": "packages/keplr-signer",
      "link": true
    },
    "node_modules/@crypto-me/leap-signer": {
      "resolved": "packages/leap-signer",
      "link": true
    },
    "node_modules/@crypto-me/preact": {
      "resolved": "packages/preact",
      "link": true
    },
    "node_modules/@crypto-me/react": {
      "resolved": "packages/react",
      "link": true
    },
    "node_modules/@keplr-wallet/types": {
      "version": "0.12.121",
      "resolved": "https://registry.npmjs.org/@keplr-wallet/types/-/types-0.12.121.tgz",
      "integrity": "sha512-5CHUUnuufbLeZxwmqEM5rC0EEDxpdMLCoBtgJJ5UtY/0o17qIixSoPZqftp2A4roUe2eEp3GHsXUdb/1nakb9g==",
      "dependencies": {
        "long": "^4.0.0"
      }
    },
    "node_modules/@keplr-wallet/types/node_modules/long": {
      "version": "4.0.0",
      "resolved": "https://registry.npmjs.org/long/-/long-4.0.0.tgz",
      "integrity": "sha512-XsP+KhQif4bjX1kbuSiySJFNAehNxgLb6hPRGJ9QsUr8ajHkuXGdrHmFUTUUXhDwVX2R5bY4JNZEwbUiMhV+MA=="
    },
    "node_modules/@kiruse/marshal": {
      "version": "0.2.0-rc.1",
      "resolved": "https://registry.npmjs.org/@kiruse/marshal/-/marshal-0.2.0-rc.1.tgz",
      "integrity": "sha512-99uBYocK8VzHE2mAwkSgRhMdxFAJ+oufMafRo0l2XzCPdIZmOabrkIB82UuZiA2Y3APzg4mpEMfXn0Jnr6sGeQ=="
    },
    "node_modules/@kiruse/restful": {
      "version": "0.2.3-fix.2",
      "resolved": "https://registry.npmjs.org/@kiruse/restful/-/restful-0.2.3-fix.2.tgz",
      "integrity": "sha512-dUaIK9QuZkEcvoP8GPCI7bhbk3fq6TWedjXDbsHCwFAUHzztvR0KrjIjWxBYyDNjAy6O4BJFTdNpvIM33j16jA=="
    },
    "node_modules/@kiruse/typed-events": {
      "version": "1.0.3",
      "resolved": "https://registry.npmjs.org/@kiruse/typed-events/-/typed-events-1.0.3.tgz",
      "integrity": "sha512-7wNVY7/JFPcHaMlloyUtseYNq1ZZOt2ma9BByO9V99uSxhEtWYJ9iIi+XL2YDMxXKIbI4pay2okXFeTJMN7ihg=="
    },
    "node_modules/@kristiandupont/recase": {
      "version": "1.3.1",
      "resolved": "https://registry.npmjs.org/@kristiandupont/recase/-/recase-1.3.1.tgz",
      "integrity": "sha512-Ef41VRKgj4TvxBu1MkOWD96QUpE3k3j+j+Vk3TAftJgrRNGypN7rnT9IH1kYthcY6WlbhuMVXplXF5dBFDGG2Q==",
      "dependencies": {
        "ramda": "^0.30.0"
      }
    },
    "node_modules/@preact/signals": {
      "version": "1.3.0",
      "resolved": "https://registry.npmjs.org/@preact/signals/-/signals-1.3.0.tgz",
      "integrity": "sha512-EOMeg42SlLS72dhoq6Vjq08havnLseWmPQ8A0YsgIAqMgWgx7V1a39+Pxo6i7SY5NwJtH4849JogFq3M67AzWg==",
      "license": "MIT",
      "peer": true,
      "dependencies": {
        "@preact/signals-core": "^1.7.0"
      },
      "funding": {
        "type": "opencollective",
        "url": "https://opencollective.com/preact"
      },
      "peerDependencies": {
        "preact": "10.x"
      }
    },
    "node_modules/@preact/signals-core": {
      "version": "1.8.0",
      "resolved": "https://registry.npmjs.org/@preact/signals-core/-/signals-core-1.8.0.tgz",
      "integrity": "sha512-OBvUsRZqNmjzCZXWLxkZfhcgT+Fk8DDcT/8vD6a1xhDemodyy87UJRJfASMuSD8FaAIeGgGm85ydXhm7lr4fyA==",
      "funding": {
        "type": "opencollective",
        "url": "https://opencollective.com/preact"
      }
    },
    "node_modules/@types/node": {
      "version": "22.3.0",
      "resolved": "https://registry.npmjs.org/@types/node/-/node-22.3.0.tgz",
      "integrity": "sha512-nrWpWVaDZuaVc5X84xJ0vNrLvomM205oQyLsRt7OHNZbSHslcWsvgFR7O7hire2ZonjLrWBbedmotmIlJDVd6g==",
      "dev": true,
      "dependencies": {
        "undici-types": "~6.18.2"
      }
    },
    "node_modules/@types/ws": {
      "version": "8.5.12",
      "resolved": "https://registry.npmjs.org/@types/ws/-/ws-8.5.12.tgz",
      "integrity": "sha512-3tPRkv1EtkDpzlgyKyI8pGsGZAGPEaXeu0DOj5DI25Ja91bdAYddYHbADRYVrZMRbfW+1l5YwXVDKohDJNQxkQ==",
      "dev": true,
      "dependencies": {
        "@types/node": "*"
      }
    },
    "node_modules/bun-types": {
      "version": "1.1.24",
      "resolved": "https://registry.npmjs.org/bun-types/-/bun-types-1.1.24.tgz",
      "integrity": "sha512-UNEcYawHWOVw9GYQdOgjJvTQduYlPckmRMqpBqfkWpUzeK2CZfEP/JOYBH6SMypyfkNg/Zsqf0olN6vMrSPg3w==",
      "dev": true,
      "dependencies": {
        "@types/node": "~20.12.8",
        "@types/ws": "~8.5.10"
      }
    },
    "node_modules/bun-types/node_modules/@types/node": {
      "version": "20.12.14",
      "resolved": "https://registry.npmjs.org/@types/node/-/node-20.12.14.tgz",
      "integrity": "sha512-scnD59RpYD91xngrQQLGkE+6UrHUPzeKZWhhjBSa3HSkwjbQc38+q3RoIVEwxQGRw3M+j5hpNAM+lgV3cVormg==",
      "dev": true,
      "dependencies": {
        "undici-types": "~5.26.4"
      }
    },
    "node_modules/bun-types/node_modules/undici-types": {
      "version": "5.26.5",
      "resolved": "https://registry.npmjs.org/undici-types/-/undici-types-5.26.5.tgz",
      "integrity": "sha512-JlCMO+ehdEIKqlFxk6IfVoAUVmgz7cU7zD/h9XZ0qzeosSHmUJVOzSQvvYSYWXkFXC+IfLKSIffhv0sVZup6pA==",
      "dev": true
    },
    "node_modules/classnames": {
      "version": "2.5.1",
      "resolved": "https://registry.npmjs.org/classnames/-/classnames-2.5.1.tgz",
      "integrity": "sha512-saHYOzhIQs6wy2sVxTM6bUDsQO4F50V9RQ22qBpEdCW+I+/Wmke2HOl6lS6dTpdxVhb88/I6+Hs+438c3lfUow==",
      "license": "MIT"
    },
    "node_modules/cosmjs-types": {
      "version": "0.9.0",
      "resolved": "https://registry.npmjs.org/cosmjs-types/-/cosmjs-types-0.9.0.tgz",
      "integrity": "sha512-MN/yUe6mkJwHnCFfsNPeCfXVhyxHYW6c/xDUzrSbBycYzw++XvWDMJArXp2pLdgD6FQ8DW79vkPjeNKVrXaHeQ=="
    },
    "node_modules/long": {
      "version": "5.2.3",
      "resolved": "https://registry.npmjs.org/long/-/long-5.2.3.tgz",
      "integrity": "sha512-lcHwpNoggQTObv5apGNCTdJrO69eHOZMi4BNC+rTLER8iHAqGrUVeLh/irVIM7zTw2bOXA8T6uNPeujwOLg/2Q=="
    },
    "node_modules/preact": {
      "version": "10.23.2",
      "resolved": "https://registry.npmjs.org/preact/-/preact-10.23.2.tgz",
      "integrity": "sha512-kKYfePf9rzKnxOAKDpsWhg/ysrHPqT+yQ7UW4JjdnqjFIeNUnNcEJvhuA8fDenxAGWzUqtd51DfVg7xp/8T9NA==",
      "peer": true,
      "funding": {
        "type": "opencollective",
        "url": "https://opencollective.com/preact"
      }
    },
    "node_modules/ramda": {
      "version": "0.30.1",
      "resolved": "https://registry.npmjs.org/ramda/-/ramda-0.30.1.tgz",
      "integrity": "sha512-tEF5I22zJnuclswcZMc8bDIrwRHRzf+NqVEmqg50ShAZMP7MWeR/RGDthfM/p+BlqvF2fXAzpn8i+SJcYD3alw==",
      "funding": {
        "type": "opencollective",
        "url": "https://opencollective.com/ramda"
      }
    },
    "node_modules/tslib": {
      "version": "2.6.3",
      "resolved": "https://registry.npmjs.org/tslib/-/tslib-2.6.3.tgz",
      "integrity": "sha512-xNvxJEOUiWPGhUuUdQgAJPKOOJfGnIyKySOc09XkKsgdUV/3E2zvwZYdejjmRgPCgcym1juLH3226yA7sEFJKQ=="
    },
    "node_modules/typescript": {
      "version": "5.5.4",
      "resolved": "https://registry.npmjs.org/typescript/-/typescript-5.5.4.tgz",
      "integrity": "sha512-Mtq29sKDAEYP7aljRgtPOpTvOfbwRWlS6dPRzwjdE+C0R4brX/GUyhHSecbHMFLNBLcJIPt9nl9yG5TZ1weH+Q==",
      "bin": {
        "tsc": "bin/tsc",
        "tsserver": "bin/tsserver"
      },
      "engines": {
        "node": ">=14.17"
      }
    },
    "node_modules/undici-types": {
      "version": "6.18.2",
      "resolved": "https://registry.npmjs.org/undici-types/-/undici-types-6.18.2.tgz",
      "integrity": "sha512-5ruQbENj95yDYJNS3TvcaxPMshV7aizdv/hWYjGIKoANWKjhWNBsr2YEuYZKodQulB1b8l7ILOuDQep3afowQQ==",
      "dev": true
    },
    "packages/core": {
      "name": "@crypto-me/core",
      "version": "0.1.0",
      "dependencies": {
        "@kiruse/marshal": "^0.2.0-rc.1",
        "@kiruse/restful": "^0.2.3-fix.2",
        "@kiruse/typed-events": "^1.0.3",
        "@kristiandupont/recase": "^1.3.1",
        "@preact/signals-core": "^1.8.0",
        "cosmjs-types": "^0.9.0",
        "tslib": "^2.6.3"
      },
      "peerDependencies": {
        "typescript": "^5.0.0"
      }
    },
    "packages/keplr": {
      "name": "@crypto-me/keplr",
      "version": "0.1.0",
      "extraneous": true,
      "dependencies": {
        "@keplr-wallet/types": "^0.12.121"
      },
      "devDependencies": {},
      "peerDependencies": {
        "@crypto-me/core": "^0.1.0",
        "typescript": "^5.0.0"
      }
    },
    "packages/keplr-signer": {
      "name": "@crypto-me/keplr-signer",
      "version": "0.1.0",
      "dependencies": {
        "@keplr-wallet/types": "^0.12.121",
        "long": "^5.2.3"
      },
      "devDependencies": {
        "@types/node": "^22.3.0"
      },
      "peerDependencies": {
        "@crypto-me/core": "^0.1.0",
        "typescript": "^5.0.0"
      }
    },
    "packages/leap": {
      "name": "@crypto-me/leap",
      "version": "0.1.0",
      "extraneous": true,
      "devDependencies": {},
      "peerDependencies": {
        "@crypto-me/core": "^0.1.0",
        "typescript": "^5.0.0"
      }
    },
    "packages/leap-signer": {
      "name": "@crypto-me/leap-signer",
      "version": "0.1.0",
      "devDependencies": {},
      "peerDependencies": {
        "@crypto-me/core": "^0.1.0",
        "typescript": "^5.0.0"
      }
    },
    "packages/preact": {
      "name": "@crypto-me/preact",
      "version": "0.1.0",
      "dependencies": {
        "@crypto-me/core": "^0.1.0",
        "classnames": "^2.5.1"
      },
      "devDependencies": {
        "bun-types": "^1.1.24"
      },
      "peerDependencies": {
        "@preact/signals": "^1.3.0",
        "preact": "^10.23.2",
        "typescript": "^5.0.0"
      }
    },
    "packages/react": {
      "name": "@crypto-me/react",
      "version": "0.1.0",
      "dependencies": {
        "@crypto-me/core": "^0.1.0"
      },
      "devDependencies": {},
      "peerDependencies": {
        "typescript": "^5.0.0"
      }
    },
    "packages/test-site": {
      "version": "0.1.0",
      "extraneous": true,
      "dependencies": {
        "@crypto-me/core": "^0.1.0"
      },
      "devDependencies": {},
      "peerDependencies": {
        "typescript": "^5.0.0"
      }
    }
  }
}
